
Microsoft Visual Studio Solution File, Format Version 12.00
# Visual Studio 15
VisualStudioVersion = 15.0.28307.329
MinimumVisualStudioVersion = 10.0.40219.1
Project("{FAE04EC0-301F-11D3-BF4B-00C04F79EFBC}") = "XmlComments4DataMembers", "XmlComments4DataMembers\XmlComments4DataMembers.csproj", "{942C5061-7958-444A-847E-E65553EA4FE9}"
EndProject
Global
	GlobalSection(SolutionConfigurationPlatforms) = preSolution
		Debug|Any CPU = Debug|Any CPU
		Release|Any CPU = Release|Any CPU
	EndGlobalSection
	GlobalSection(ProjectConfigurationPlatforms) = postSolution
		{942C5061-7958-444A-847E-E65553EA4FE9}.Debug|Any CPU.ActiveCfg = Debug|Any CPU
		{942C5061-7958-444A-847E-E65553EA4FE9}.Debug|Any CPU.Build.0 = Debug|Any CPU
		{942C5061-7958-444A-847E-E65553EA4FE9}.Release|Any CPU.ActiveCfg = Release|Any CPU
		{942C5061-7958-444A-847E-E65553EA4FE9}.Release|Any CPU.Build.0 = Release|Any CPU
	EndGlobalSection
	GlobalSection(SolutionProperties) = preSolution
		HideSolutionNode = FALSE
	EndGlobalSection
	GlobalSection(ExtensibilityGlobals) = postSolution
		SolutionGuid = {AE80E6A8-3BC5-43AD-AAFF-35E81326E47D}
	EndGlobalSection
EndGlobal
